// !$*UTF8*$!
{
	archiveVersion = 1;
	classes = {
	};
	objectVersion = 51;
	objects = {

/* Begin PBXBuildFile section */
		02588A4D247F35090082F04F /* AppDelegate.swift in Sources */ = {isa = PBXBuildFile; fileRef = 02588A4C247F35090082F04F /* AppDelegate.swift */; };
		02588A4F247F35090082F04F /* SceneDelegate.swift in Sources */ = {isa = PBXBuildFile; fileRef = 02588A4E247F35090082F04F /* SceneDelegate.swift */; };
		02588A51247F35090082F04F /* ViewController.swift in Sources */ = {isa = PBXBuildFile; fileRef = 02588A50247F35090082F04F /* ViewController.swift */; };
		02588A54247F35090082F04F /* Main.storyboard in Resources */ = {isa = PBXBuildFile; fileRef = 02588A52247F35090082F04F /* Main.storyboard */; };
		02588A56247F350C0082F04F /* Assets.xcassets in Resources */ = {isa = PBXBuildFile; fileRef = 02588A55247F350C0082F04F /* Assets.xcassets */; };
		02588A59247F350C0082F04F /* LaunchScreen.storyboard in Resources */ = {isa = PBXBuildFile; fileRef = 02588A57247F350C0082F04F /* LaunchScreen.storyboard */; };
		15A50F6850C438A503872B91 /* Pods_Github_Open_Data.framework in Frameworks */ = {isa = PBXBuildFile; fileRef = 8F307A3AC76A71505F97AAD1 /* Pods_Github_Open_Data.framework */; };
/* End PBXBuildFile section */

/* Begin PBXFileReference section */
		02588A49247F35090082F04F /* Github_Open_Data.app */ = {isa = PBXFileReference; explicitFileType = wrapper.application; includeInIndex = 0; path = Github_Open_Data.app; sourceTree = BUILT_PRODUCTS_DIR; };
		02588A4C247F35090082F04F /* AppDelegate.swift */ = {isa = PBXFileReference; lastKnownFileType = sourcecode.swift; path = AppDelegate.swift; sourceTree = "<group>"; };
		02588A4E247F35090082F04F /* SceneDelegate.swift */ = {isa = PBXFileReference; lastKnownFileType = sourcecode.swift; path = SceneDelegate.swift; sourceTree = "<group>"; };
		02588A50247F35090082F04F /* ViewController.swift */ = {isa = PBXFileReference; lastKnownFileType = sourcecode.swift; path = ViewController.swift; sourceTree = "<group>"; };
		02588A53247F35090082F04F /* Base */ = {isa = PBXFileReference; lastKnownFileType = file.storyboard; name = Base; path = Base.lproj/Main.storyboard; sourceTree = "<group>"; };
		02588A55247F350C0082F04F /* Assets.xcassets */ = {isa = PBXFileReference; lastKnownFileType = folder.assetcatalog; path = Assets.xcassets; sourceTree = "<group>"; };
		02588A58247F350C0082F04F /* Base */ = {isa = PBXFileReference; lastKnownFileType = file.storyboard; name = Base; path = Base.lproj/LaunchScreen.storyboard; sourceTree = "<group>"; };
		02588A5A247F350C0082F04F /* Info.plist */ = {isa = PBXFileReference; lastKnownFileType = text.plist.xml; path = Info.plist; sourceTree = "<group>"; };
		13AD757D9EA2AF477EC829E7 /* Pods-Github_Open_Data.debug.xcconfig */ = {isa = PBXFileReference; includeInIndex = 1; lastKnownFileType = text.xcconfig; name = "Pods-Github_Open_Data.debug.xcconfig"; path = "Target Support Files/Pods-Github_Open_Data/Pods-Github_Open_Data.debug.xcconfig"; sourceTree = "<group>"; };
		8F307A3AC76A71505F97AAD1 /* Pods_Github_Open_Data.framework */ = {isa = PBXFileReference; explicitFileType = wrapper.framework; includeInIndex = 0; path = Pods_Github_Open_Data.framework; sourceTree = BUILT_PRODUCTS_DIR; };
		B0CB98055746C1DF75623491 /* Pods-Github_Open_Data.release.xcconfig */ = {isa = PBXFileReference; includeInIndex = 1; lastKnownFileType = text.xcconfig; name = "Pods-Github_Open_Data.release.xcconfig"; path = "Target Support Files/Pods-Github_Open_Data/Pods-Github_Open_Data.release.xcconfig"; sourceTree = "<group>"; };
/* End PBXFileReference section */

/* Begin PBXFrameworksBuildPhase section */
		02588A46247F35090082F04F /* Frameworks */ = {
			isa = PBXFrameworksBuildPhase;
			buildActionMask = 2147483647;
			files = (
				15A50F6850C438A503872B91 /* Pods_Github_Open_Data.framework in Frameworks */,
			);
			runOnlyForDeploymentPostprocessing = 0;
		};
/* End PBXFrameworksBuildPhase section */

/* Begin PBXGroup section */
		02588A40247F35090082F04F = {
			isa = PBXGroup;
			children = (
				02588A60247F39850082F04F /* Supporting Files */,
				02588A4B247F35090082F04F /* Github_Open_Data */,
				02588A4A247F35090082F04F /* Products */,
				8EF8AB19661A0CB960BDD5F8 /* Pods */,
				78154BCD1E89D2A68864AC84 /* Frameworks */,
			);
			sourceTree = "<group>";
		};
		02588A4A247F35090082F04F /* Products */ = {
			isa = PBXGroup;
			children = (
				02588A49247F35090082F04F /* Github_Open_Data.app */,
			);
			name = Products;
			sourceTree = "<group>";
		};
		02588A4B247F35090082F04F /* Github_Open_Data */ = {
			isa = PBXGroup;
			children = (
				02588A63247F3A800082F04F /* Controller */,
				02588A62247F3A720082F04F /* View */,
				02588A61247F3A680082F04F /* Model */,
			);
			path = Github_Open_Data;
			sourceTree = "<group>";
		};
		02588A60247F39850082F04F /* Supporting Files */ = {
			isa = PBXGroup;
			children = (
				02588A4C247F35090082F04F /* AppDelegate.swift */,
				02588A4E247F35090082F04F /* SceneDelegate.swift */,
				02588A5A247F350C0082F04F /* Info.plist */,
				02588A55247F350C0082F04F /* Assets.xcassets */,
			);
			path = "Supporting Files";
			sourceTree = "<group>";
		};
		02588A61247F3A680082F04F /* Model */ = {
			isa = PBXGroup;
			children = (
			);
			path = Model;
			sourceTree = "<group>";
		};
		02588A62247F3A720082F04F /* View */ = {
			isa = PBXGroup;
			children = (
				02588A52247F35090082F04F /* Main.storyboard */,
				02588A57247F350C0082F04F /* LaunchScreen.storyboard */,
			);
			path = View;
			sourceTree = "<group>";
		};
		02588A63247F3A800082F04F /* Controller */ = {
			isa = PBXGroup;
			children = (
				02588A50247F35090082F04F /* ViewController.swift */,
			);
			path = Controller;
			sourceTree = "<group>";
		};
		78154BCD1E89D2A68864AC84 /* Frameworks */ = {
			isa = PBXGroup;
			children = (
				8F307A3AC76A71505F97AAD1 /* Pods_Github_Open_Data.framework */,
			);
			name = Frameworks;
			sourceTree = "<group>";
		};
		8EF8AB19661A0CB960BDD5F8 /* Pods */ = {
			isa = PBXGroup;
			children = (
				13AD757D9EA2AF477EC829E7 /* Pods-Github_Open_Data.debug.xcconfig */,
				B0CB98055746C1DF75623491 /* Pods-Github_Open_Data.release.xcconfig */,
			);
			path = Pods;
			sourceTree = "<group>";
		};
/* End PBXGroup section */

/* Begin PBXNativeTarget section */
		02588A48247F35090082F04F /* Github_Open_Data */ = {
			isa = PBXNativeTarget;
			buildConfigurationList = 02588A5D247F350C0082F04F /* Build configuration list for PBXNativeTarget "Github_Open_Data" */;
			buildPhases = (
				DE487A7394384147EEA1D62D /* [CP] Check Pods Manifest.lock */,
				02588A45247F35090082F04F /* Sources */,
				02588A46247F35090082F04F /* Frameworks */,
				02588A47247F35090082F04F /* Resources */,
				659B953FEFF5D55286816931 /* [CP] Embed Pods Frameworks */,
			);
			buildRules = (
			);
			dependencies = (
			);
			name = Github_Open_Data;
			productName = Github_Open_Data;
			productReference = 02588A49247F35090082F04F /* Github_Open_Data.app */;
			productType = "com.apple.product-type.application";
		};
/* End PBXNativeTarget section */

/* Begin PBXProject section */
		02588A41247F35090082F04F /* Project object */ = {
			isa = PBXProject;
			attributes = {
				LastSwiftUpdateCheck = 1150;
				LastUpgradeCheck = 1150;
				ORGANIZATIONNAME = JEROME;
				TargetAttributes = {
					02588A48247F35090082F04F = {
						CreatedOnToolsVersion = 11.5;
					};
				};
			};
			buildConfigurationList = 02588A44247F35090082F04F /* Build configuration list for PBXProject "Github_Open_Data" */;
			compatibilityVersion = "Xcode 9.3";
			developmentRegion = en;
			hasScannedForEncodings = 0;
			knownRegions = (
				en,
				Base,
			);
			mainGroup = 02588A40247F35090082F04F;
			productRefGroup = 02588A4A247F35090082F04F /* Products */;
			projectDirPath = "";
			projectRoot = "";
			targets = (
				02588A48247F35090082F04F /* Github_Open_Data */,
			);
		};
/* End PBXProject section */

/* Begin PBXResourcesBuildPhase section */
		02588A47247F35090082F04F /* Resources */ = {
			isa = PBXResourcesBuildPhase;
			buildActionMask = 2147483647;
			files = (
				02588A59247F350C0082F04F /* LaunchScreen.storyboard in Resources */,
				02588A56247F350C0082F04F /* Assets.xcassets in Resources */,
				02588A54247F35090082F04F /* Main.storyboard in Resources */,
			);
			runOnlyForDeploymentPostprocessing = 0;
		};
/* End PBXResourcesBuildPhase section */

/* Begin PBXShellScriptBuildPhase section */
		659B953FEFF5D55286816931 /* [CP] Embed Pods Frameworks */ = {
			isa = PBXShellScriptBuildPhase;
			buildActionMask = 2147483647;
			files = (
			);
			inputFileListPaths = (
				"${PODS_ROOT}/Target Support Files/Pods-Github_Open_Data/Pods-Github_Open_Data-frameworks-${CONFIGURATION}-input-files.xcfilelist",
			);
			name = "[CP] Embed Pods Frameworks";
			outputFileListPaths = (
				"${PODS_ROOT}/Target Support Files/Pods-Github_Open_Data/Pods-Github_Open_Data-frameworks-${CONFIGURATION}-output-files.xcfilelist",
			);
			runOnlyForDeploymentPostprocessing = 0;
			shellPath = /bin/sh;
			shellScript = "\"${PODS_ROOT}/Target Support Files/Pods-Github_Open_Data/Pods-Github_Open_Data-frameworks.sh\"\n";
			showEnvVarsInLog = 0;
		};
		DE487A7394384147EEA1D62D /* [CP] Check Pods Manifest.lock */ = {
			isa = PBXShellScriptBuildPhase;
			buildActionMask = 2147483647;
			files = (
			);
			inputFileListPaths = (
			);
			inputPaths = (
				"${PODS_PODFILE_DIR_PATH}/Podfile.lock",
				"${PODS_ROOT}/Manifest.lock",
			);
			name = "[CP] Check Pods Manifest.lock";
			outputFileListPaths = (
			);
			outputPaths = (
				"$(DERIVED_FILE_DIR)/Pods-Github_Open_Data-checkManifestLockResult.txt",
			);
			runOnlyForDeploymentPostprocessing = 0;
			shellPath = /bin/sh;
			shellScript = "diff \"${PODS_PODFILE_DIR_PATH}/Podfile.lock\" \"${PODS_ROOT}/Manifest.lock\" > /dev/null\nif [ $? != 0 ] ; then\n    # print error to STDERR\n    echo \"error: The sandbox is not in sync with the Podfile.lock. Run 'pod install' or update your CocoaPods installation.\" >&2\n    exit 1\nfi\n# This output is used by Xcode 'outputs' to avoid re-running this script phase.\necho \"SUCCESS\" > \"${SCRIPT_OUTPUT_FILE_0}\"\n";
			showEnvVarsInLog = 0;
		};
/* End PBXShellScriptBuildPhase section */

/* Begin PBXSourcesBuildPhase section */
		02588A45247F35090082F04F /* Sources */ = {
			isa = PBXSourcesBuildPhase;
			buildActionMask = 2147483647;
			files = (
				02588A51247F35090082F04F /* ViewController.swift in Sources */,
				02588A4D247F35090082F04F /* AppDelegate.swift in Sources */,
				02588A4F247F35090082F04F /* SceneDelegate.swift in Sources */,
			);
			runOnlyForDeploymentPostprocessing = 0;
		};
/* End PBXSourcesBuildPhase section */

/* Begin PBXVariantGroup section */
		02588A52247F35090082F04F /* Main.storyboard */ = {
			isa = PBXVariantGroup;
			children = (
				02588A53247F35090082F04F /* Base */,
			);
			name = Main.storyboard;
			sourceTree = "<group>";
		};
		02588A57247F350C0082F04F /* LaunchScreen.storyboard */ = {
			isa = PBXVariantGroup;
			children = (
				02588A58247F350C0082F04F /* Base */,
			);
			name = LaunchScreen.storyboard;
			sourceTree = "<group>";
		};
/* End PBXVariantGroup section */

/* Begin XCBuildConfiguration section */
		02588A5B247F350C0082F04F /* Debug */ = {
			isa = XCBuildConfiguration;
			buildSettings = {
				ALWAYS_SEARCH_USER_PATHS = NO;
				CLANG_ANALYZER_NONNULL = YES;
				CLANG_ANALYZER_NUMBER_OBJECT_CONVERSION = YES_AGGRESSIVE;
				CLANG_CXX_LANGUAGE_STANDARD = "gnu++14";
				CLANG_CXX_LIBRARY = "libc++";
				CLANG_ENABLE_MODULES = YES;
				CLANG_ENABLE_OBJC_ARC = YES;
				CLANG_ENABLE_OBJC_WEAK = YES;
				CLANG_WARN_BLOCK_CAPTURE_AUTORELEASING = YES;
				CLANG_WARN_BOOL_CONVERSION = YES;
				CLANG_WARN_COMMA = YES;
				CLANG_WARN_CONSTANT_CONVERSION = YES;
				CLANG_WARN_DEPRECATED_OBJC_IMPLEMENTATIONS = YES;
				CLANG_WARN_DIRECT_OBJC_ISA_USAGE = YES_ERROR;
				CLANG_WARN_DOCUMENTATION_COMMENTS = YES;
				CLANG_WARN_EMPTY_BODY = YES;
				CLANG_WARN_ENUM_CONVERSION = YES;
				CLANG_WARN_INFINITE_RECURSION = YES;
				CLANG_WARN_INT_CONVERSION = YES;
				CLANG_WARN_NON_LITERAL_NULL_CONVERSION = YES;
				CLANG_WARN_OBJC_IMPLICIT_RETAIN_SELF = YES;
				CLANG_WARN_OBJC_LITERAL_CONVERSION = YES;
				CLANG_WARN_OBJC_ROOT_CLASS = YES_ERROR;
				CLANG_WARN_RANGE_LOOP_ANALYSIS = YES;
				CLANG_WARN_STRICT_PROTOTYPES = YES;
				CLANG_WARN_SUSPICIOUS_MOVE = YES;
				CLANG_WARN_UNGUARDED_AVAILABILITY = YES_AGGRESSIVE;
				CLANG_WARN_UNREACHABLE_CODE = YES;
				CLANG_WARN__DUPLICATE_METHOD_MATCH = YES;
				COPY_PHASE_STRIP = NO;
				DEBUG_INFORMATION_FORMAT = dwarf;
				ENABLE_STRICT_OBJC_MSGSEND = YES;
				ENABLE_TESTABILITY = YES;
				GCC_C_LANGUAGE_STANDARD = gnu11;
				GCC_DYNAMIC_NO_PIC = NO;
				GCC_NO_COMMON_BLOCKS = YES;
				GCC_OPTIMIZATION_LEVEL = 0;
				GCC_PREPROCESSOR_DEFINITIONS = (
					"DEBUG=1",
					"$(inherited)",
				);
				GCC_WARN_64_TO_32_BIT_CONVERSION = YES;
				GCC_WARN_ABOUT_RETURN_TYPE = YES_ERROR;
				GCC_WARN_UNDECLARED_SELECTOR = YES;
				GCC_WARN_UNINITIALIZED_AUTOS = YES_AGGRESSIVE;
				GCC_WARN_UNUSED_FUNCTION = YES;
				GCC_WARN_UNUSED_VARIABLE = YES;
				IPHONEOS_DEPLOYMENT_TARGET = 13.5;
				MTL_ENABLE_DEBUG_INFO = INCLUDE_SOURCE;
				MTL_FAST_MATH = YES;
				ONLY_ACTIVE_ARCH = YES;
				SDKROOT = iphoneos;
				SWIFT_ACTIVE_COMPILATION_CONDITIONS = DEBUG;
				SWIFT_OPTIMIZATION_LEVEL = "-Onone";
			};
			name = Debug;
		};
		02588A5C247F350C0082F04F /* Release */ = {
			isa = XCBuildConfiguration;
			buildSettings = {
				ALWAYS_SEARCH_USER_PATHS = NO;
				CLANG_ANALYZER_NONNULL = YES;
				CLANG_ANALYZER_NUMBER_OBJECT_CONVERSION = YES_AGGRESSIVE;
				CLANG_CXX_LANGUAGE_STANDARD = "gnu++14";
				CLANG_CXX_LIBRARY = "libc++";
				CLANG_ENABLE_MODULES = YES;
				CLANG_ENABLE_OBJC_ARC = YES;
				CLANG_ENABLE_OBJC_WEAK = YES;
				CLANG_WARN_BLOCK_CAPTURE_AUTORELEASING = YES;
				CLANG_WARN_BOOL_CONVERSION = YES;
				CLANG_WARN_COMMA = YES;
				CLANG_WARN_CONSTANT_CONVERSION = YES;
				CLANG_WARN_DEPRECATED_OBJC_IMPLEMENTATIONS = YES;
				CLANG_WARN_DIRECT_OBJC_ISA_USAGE = YES_ERROR;
				CLANG_WARN_DOCUMENTATION_COMMENTS = YES;
				CLANG_WARN_EMPTY_BODY = YES;
				CLANG_WARN_ENUM_CONVERSION = YES;
				CLANG_WARN_INFINITE_RECURSION = YES;
				CLANG_WARN_INT_CONVERSION = YES;
				CLANG_WARN_NON_LITERAL_NULL_CONVERSION = YES;
				CLANG_WARN_OBJC_IMPLICIT_RETAIN_SELF = YES;
				CLANG_WARN_OBJC_LITERAL_CONVERSION = YES;
				CLANG_WARN_OBJC_ROOT_CLASS = YES_ERROR;
				CLANG_WARN_RANGE_LOOP_ANALYSIS = YES;
				CLANG_WARN_STRICT_PROTOTYPES = YES;
				CLANG_WARN_SUSPICIOUS_MOVE = YES;
				CLANG_WARN_UNGUARDED_AVAILABILITY = YES_AGGRESSIVE;
				CLANG_WARN_UNREACHABLE_CODE = YES;
				CLANG_WARN__DUPLICATE_METHOD_MATCH = YES;
				COPY_PHASE_STRIP = NO;
				DEBUG_INFORMATION_FORMAT = "dwarf-with-dsym";
				ENABLE_NS_ASSERTIONS = NO;
				ENABLE_STRICT_OBJC_MSGSEND = YES;
				GCC_C_LANGUAGE_STANDARD = gnu11;
				GCC_NO_COMMON_BLOCKS = YES;
				GCC_WARN_64_TO_32_BIT_CONVERSION = YES;
				GCC_WARN_ABOUT_RETURN_TYPE = YES_ERROR;
				GCC_WARN_UNDECLARED_SELECTOR = YES;
				GCC_WARN_UNINITIALIZED_AUTOS = YES_AGGRESSIVE;
				GCC_WARN_UNUSED_FUNCTION = YES;
				GCC_WARN_UNUSED_VARIABLE = YES;
				IPHONEOS_DEPLOYMENT_TARGET = 13.5;
				MTL_ENABLE_DEBUG_INFO = NO;
				MTL_FAST_MATH = YES;
				SDKROOT = iphoneos;
				SWIFT_COMPILATION_MODE = wholemodule;
				SWIFT_OPTIMIZATION_LEVEL = "-O";
				VALIDATE_PRODUCT = YES;
			};
			name = Release;
		};
		02588A5E247F350C0082F04F /* Debug */ = {
			isa = XCBuildConfiguration;
			baseConfigurationReference = 13AD757D9EA2AF477EC829E7 /* Pods-Github_Open_Data.debug.xcconfig */;
			buildSettings = {
				ASSETCATALOG_COMPILER_APPICON_NAME = AppIcon;
				CODE_SIGN_STYLE = Automatic;
				DEVELOPMENT_TEAM = 47FGBWZVJ9;
				INFOPLIST_FILE = "Supporting Files/Info.plist";
				LD_RUNPATH_SEARCH_PATHS = (
					"$(inherited)",
					"@executable_path/Frameworks",
				);
				PRODUCT_BUNDLE_IDENTIFIER = "cc.ss.Github-Open-Data";
				PRODUCT_NAME = "$(TARGET_NAME)";
				SWIFT_VERSION = 5.0;
				TARGETED_DEVICE_FAMILY = "1,2";
			};
			name = Debug;
		};
		02588A5F247F350C0082F04F /* Release */ = {
			isa = XCBuildConfiguration;
			baseConfigurationReference = B0CB98055746C1DF75623491 /* Pods-Github_Open_Data.release.xcconfig */;
			buildSettings = {
				ASSETCATALOG_COMPILER_APPICON_NAME = AppIcon;
				CODE_SIGN_STYLE = Automatic;
				DEVELOPMENT_TEAM = 47FGBWZVJ9;
				INFOPLIST_FILE = "Supporting Files/Info.plist";
				LD_RUNPATH_SEARCH_PATHS = (
					"$(inherited)",
					"@executable_path/Frameworks",
				);
				PRODUCT_BUNDLE_IDENTIFIER = "cc.ss.Github-Open-Data";
				PRODUCT_NAME = "$(TARGET_NAME)";
				SWIFT_VERSION = 5.0;
				TARGETED_DEVICE_FAMILY = "1,2";
			};
			name = Release;
		};
/* End XCBuildConfiguration section */

/* Begin XCConfigurationList section */
		02588A44247F35090082F04F /* Build configuration list for PBXProject "Github_Open_Data" */ = {
			isa = XCConfigurationList;
			buildConfigurations = (
				02588A5B247F350C0082F04F /* Debug */,
				02588A5C247F350C0082F04F /* Release */,
			);
			defaultConfigurationIsVisible = 0;
			defaultConfigurationName = Release;
		};
		02588A5D247F350C0082F04F /* Build configuration list for PBXNativeTarget "Github_Open_Data" */ = {
			isa = XCConfigurationList;
			buildConfigurations = (
				02588A5E247F350C0082F04F /* Debug */,
				02588A5F247F350C0082F04F /* Release */,
			);
			defaultConfigurationIsVisible = 0;
			defaultConfigurationName = Release;
		};
/* End XCConfigurationList section */
	};
	rootObject = 02588A41247F35090082F04F /* Project object */;
}
