PODS:
  - Alamofire (5.2.1)
  - MBProgressHUD (1.2.0)

DEPENDENCIES:
  - Alamofire (~> 5.2)
  - MBProgressHUD (~> 1.2.0)

SPEC REPOS:
  trunk:
    - Alamofire
    - MBProgressHUD

SPEC CHECKSUMS:
  Alamofire: e911732990610fe89af59ac0077f923d72dc3dfd
  MBProgressHUD: 3ee5efcc380f6a79a7cc9b363dd669c5e1ae7406

PODFILE CHECKSUM: 813ae6da271510e8f1ef905931012d478223da25

COCOAPODS: 1.9.2
